
Microsoft Visual Studio Solution File, Format Version 12.00
# Visual Studio 2013
VisualStudioVersion = 12.0.30723.0
MinimumVisualStudioVersion = 10.0.40219.1
Project("{8BC9CEB8-8B4A-11D0-8D11-00A0C91BC942}") = "ScientificCalculatorTests", "ScientificCalculatorTests\ScientificCalculatorTests.vcxproj", "{28ED796F-02E8-465D-85F3-485271148756}"
EndProject
Project("{8BC9CEB8-8B4A-11D0-8D11-00A0C91BC942}") = "ScientificCalculatorApp", "ScientificCalculatorApp\ScientificCalculatorApp.vcxproj", "{CF158D8D-07DA-44D8-9343-53D7263E8202}"
EndProject
Project("{8BC9CEB8-8B4A-11D0-8D11-00A0C91BC942}") = "ScientificCalculatorLib", "ScientificCalculatorLib\ScientificCalculatorLib.vcxproj", "{080EF594-D5B3-4564-9576-407E638F85D0}"
EndProject
Global
	GlobalSection(SolutionConfigurationPlatforms) = preSolution
		Debug|Win32 = Debug|Win32
		Release|Win32 = Release|Win32
	EndGlobalSection
	GlobalSection(ProjectConfigurationPlatforms) = postSolution
		{28ED796F-02E8-465D-85F3-485271148756}.Debug|Win32.ActiveCfg = Debug|Win32
		{28ED796F-02E8-465D-85F3-485271148756}.Debug|Win32.Build.0 = Debug|Win32
		{28ED796F-02E8-465D-85F3-485271148756}.Release|Win32.ActiveCfg = Release|Win32
		{28ED796F-02E8-465D-85F3-485271148756}.Release|Win32.Build.0 = Release|Win32
		{CF158D8D-07DA-44D8-9343-53D7263E8202}.Debug|Win32.ActiveCfg = Debug|Win32
		{CF158D8D-07DA-44D8-9343-53D7263E8202}.Debug|Win32.Build.0 = Debug|Win32
		{CF158D8D-07DA-44D8-9343-53D7263E8202}.Release|Win32.ActiveCfg = Release|Win32
		{CF158D8D-07DA-44D8-9343-53D7263E8202}.Release|Win32.Build.0 = Release|Win32
		{080EF594-D5B3-4564-9576-407E638F85D0}.Debug|Win32.ActiveCfg = Debug|Win32
		{080EF594-D5B3-4564-9576-407E638F85D0}.Debug|Win32.Build.0 = Debug|Win32
		{080EF594-D5B3-4564-9576-407E638F85D0}.Release|Win32.ActiveCfg = Release|Win32
		{080EF594-D5B3-4564-9576-407E638F85D0}.Release|Win32.Build.0 = Release|Win32
	EndGlobalSection
	GlobalSection(SolutionProperties) = preSolution
		HideSolutionNode = FALSE
	EndGlobalSection
EndGlobal
